schema: '2.0'
stages:
  data_split:
    cmd: python src/stages/data_split.py --config=params.yaml
    deps:
    - path: data/raw
      md5: 6920135c1a76a56a030a224fb82afb28.dir
      size: 466888
      nfiles: 2
    - path: src/stages/data_split.py
      md5: 9fbed283d435189303ad63ed525ac366
      size: 1435
    params:
      params.yaml:
        base:
          project: bank_customer_churn
          raw_data_dir: data/raw
          countries:
          - France
          - Spain
          feat_cols:
          - CreditScore
          - Age
          - Tenure
          - Balance
          - NumOfProducts
          - HasCrCard
          - IsActiveMember
          - EstimatedSalary
          targ_col: Exited
          random_state: 42
        data_split:
          test_size: 0.2
          processed_data_dir: data/processed
    outs:
    - path: data/processed
      hash: md5
      md5: 5eb53e64f37fee38949d2fd115254a43.dir
      size: 722283
      nfiles: 4
  train:
    cmd: python src/stages/train.py --config=params.yaml
    deps:
    - path: data/processed
      hash: md5
      md5: 5eb53e64f37fee38949d2fd115254a43.dir
      size: 722283
      nfiles: 4
    - path: src/stages/train.py
      md5: 2c9c73e54f3d0f11ad7a855e7089278c
      size: 2126
    params:
      params.yaml:
        base:
          project: bank_customer_churn
          raw_data_dir: data/raw
          countries:
          - France
          - Spain
          feat_cols:
          - CreditScore
          - Age
          - Tenure
          - Balance
          - NumOfProducts
          - HasCrCard
          - IsActiveMember
          - EstimatedSalary
          targ_col: Exited
          random_state: 42
        train:
          model_type: randomforest
          model_dir: models
          model_path: models/clf-model.joblib
          params:
            n_estimators: 50
            max_depth: 20
    outs:
    - path: models/clf-model.joblib
      hash: md5
      md5: 8dc9c6572bdc79d65afde231ca61c016
      size: 5519256
  eval:
    cmd: python src/stages/eval.py --config=params.yaml
    deps:
    - path: data/processed
      hash: md5
      md5: 5eb53e64f37fee38949d2fd115254a43.dir
      size: 722283
      nfiles: 4
    - path: models/clf-model.joblib
      hash: md5
      md5: 8dc9c6572bdc79d65afde231ca61c016
      size: 5519256
    - path: src/stages/eval.py
      md5: 5dc0b6e6bdf436234530ccb3657cb12a
      size: 2431
    params:
      params.yaml:
        base:
          project: bank_customer_churn
          raw_data_dir: data/raw
          countries:
          - France
          - Spain
          feat_cols:
          - CreditScore
          - Age
          - Tenure
          - Balance
          - NumOfProducts
          - HasCrCard
          - IsActiveMember
          - EstimatedSalary
          targ_col: Exited
          random_state: 42
        data_split:
          test_size: 0.2
          processed_data_dir: data/processed
        train:
          model_type: randomforest
          model_dir: models
          model_path: models/clf-model.joblib
          params:
            n_estimators: 50
            max_depth: 20
    outs:
    - path: metrics.json
      hash: md5
      md5: c75a2ad2b1b48cfc5685c6505cc2d4a5
      size: 66
    - path: reports/feat_imp.csv
      hash: md5
      md5: 98b5f95ee09c67cbdafe41c234476c45
      size: 185
    - path: reports/figures/cm.png
      hash: md5
      md5: ab90f26902ff9216a877cf5a0bf897f4
      size: 10477
