schema: '2.0'
stages:
  data_split:
    cmd: python stages/data_split.py --config=params.yaml
    deps:
    - path: data/Churn_Modelling.csv
      md5: 73fba4fd85b6dbaf95c9d5e3836d3926
      size: 684860
    - path: stages/data_split.py
      md5: 519fbe22a8ce712999f28010f3c56fe6
      size: 1606
    params:
      params.yaml:
        base:
          project: bank_customer_churn
          data_dir: data
          data_fname: Churn_Modelling.csv
          cat_cols:
          - Geography
          num_cols:
          - CreditScore
          - Age
          - Tenure
          - Balance
          - NumOfProducts
          - HasCrCard
          - IsActiveMember
          - EstimatedSalary
          targ_col: Exited
          random_state: 42
          model_dir: model/
        data_split:
          test_size: 0.25
    outs:
    - path: data/X_test.pkl
      hash: md5
      md5: cdcfdded7b0aba25b54243bdc9daf92f
      size: 185987
    - path: data/X_train.pkl
      hash: md5
      md5: 84991cc650d4f320bad44f1242ee6373
      size: 556006
    - path: data/y_test.pkl
      hash: md5
      md5: f796d454e4f5898047377aa10f6a8494
      size: 60580
    - path: data/y_train.pkl
      hash: md5
      md5: e990ec95986f93bd17f451493cfcbfb7
      size: 180589
  train:
    cmd: python stages/train.py --config=params.yaml
    deps:
    - path: data/X_train.pkl
      hash: md5
      md5: 84991cc650d4f320bad44f1242ee6373
      size: 556006
    - path: data/y_train.pkl
      hash: md5
      md5: e990ec95986f93bd17f451493cfcbfb7
      size: 180589
    - path: stages/train.py
      md5: d54e4eaf7ad9f7c5bb9a740d48a2f9d2
      size: 2536
    params:
      params.yaml:
        base:
          project: bank_customer_churn
          data_dir: data
          data_fname: Churn_Modelling.csv
          cat_cols:
          - Geography
          num_cols:
          - CreditScore
          - Age
          - Tenure
          - Balance
          - NumOfProducts
          - HasCrCard
          - IsActiveMember
          - EstimatedSalary
          targ_col: Exited
          random_state: 42
          model_dir: model/
        train:
          model_type: randomforest
          params:
            n_estimators: 150
            max_depth: 20
    outs:
    - path: model//clf-model
      hash: md5
      md5: 471c1b1968accd9de06befa1b86fa5ed
      size: 20931784
    - path: model//clf-model.mlem
      hash: md5
      md5: 98d6f81b2811fc950da9132bb2f94469
      size: 1995
  eval:
    cmd: python stages/eval.py --config=params.yaml
    deps:
    - path: data/X_test.pkl
      hash: md5
      md5: cdcfdded7b0aba25b54243bdc9daf92f
      size: 185987
    - path: data/y_test.pkl
      hash: md5
      md5: f796d454e4f5898047377aa10f6a8494
      size: 60580
    - path: model//clf-model
      hash: md5
      md5: 471c1b1968accd9de06befa1b86fa5ed
      size: 20931784
    - path: model//clf-model.mlem
      hash: md5
      md5: 98d6f81b2811fc950da9132bb2f94469
      size: 1995
    - path: stages/eval.py
      md5: 0f8bd41fc66ef9117d6e3451a3ed3631
      size: 2700
    params:
      params.yaml:
        base:
          project: bank_customer_churn
          data_dir: data
          data_fname: Churn_Modelling.csv
          cat_cols:
          - Geography
          num_cols:
          - CreditScore
          - Age
          - Tenure
          - Balance
          - NumOfProducts
          - HasCrCard
          - IsActiveMember
          - EstimatedSalary
          targ_col: Exited
          random_state: 42
          model_dir: model/
        data_split:
          test_size: 0.25
        train:
          model_type: randomforest
          params:
            n_estimators: 150
            max_depth: 20
    outs:
    - path: eval_plots/cm.png
      hash: md5
      md5: 43ba99a34fb4998de3bf255ba28a0bec
      size: 10413
    - path: eval_plots/plots/sklearn/roc.json
      hash: md5
      md5: 87dbc3349d7a2e8d4f8c9bbc4e0e6f1e
      size: 86312
    - path: feat_imp.csv
      md5: 0877a48b2e2935cb7f596d30137a4e2c
      size: 299
    - path: metrics.json
      md5: 36658c4136489292fd5e086f04a2f1cb
      size: 67
    - path: models/perm_imp.joblib
      hash: md5
      md5: 1f39d5ecde0cc22e47b14fb57424fb28
      size: 20930459
